// !$*UTF8*$!
{
	archiveVersion = 1;
	classes = {
	};
	objectVersion = 50;
	objects = {

/* Begin PBXBuildFile section */
		6235EAF744958A2A5241336A /* Pods_Pokedex.framework in Frameworks */ = {isa = PBXBuildFile; fileRef = 082900A5B7582BD4C858BFF7 /* Pods_Pokedex.framework */; };
		A05527D722B32F2100D091EE /* PokemonStatView.swift in Sources */ = {isa = PBXBuildFile; fileRef = A05527D622B32F2100D091EE /* PokemonStatView.swift */; };
		A05527D922B32F2D00D091EE /* PokemonStatView.xib in Resources */ = {isa = PBXBuildFile; fileRef = A05527D822B32F2D00D091EE /* PokemonStatView.xib */; };
		A05527DB22B3345400D091EE /* UIProgressViewExtensions.swift in Sources */ = {isa = PBXBuildFile; fileRef = A05527DA22B3345400D091EE /* UIProgressViewExtensions.swift */; };
		A05527E322B51D7100D091EE /* PokedexTests.swift in Sources */ = {isa = PBXBuildFile; fileRef = A05527E222B51D7100D091EE /* PokedexTests.swift */; };
		A05527ED22B51E0C00D091EE /* pokemons.json in Resources */ = {isa = PBXBuildFile; fileRef = A05527EC22B51E0C00D091EE /* pokemons.json */; };
		A05527EF22B52FAE00D091EE /* Result.swift in Sources */ = {isa = PBXBuildFile; fileRef = A05527EE22B52FAE00D091EE /* Result.swift */; };
		A05527F122B550A900D091EE /* PokemonListPresenterTests.swift in Sources */ = {isa = PBXBuildFile; fileRef = A05527F022B550A900D091EE /* PokemonListPresenterTests.swift */; };
		A05527F422B5512C00D091EE /* PokemonListPresenter.swift in Sources */ = {isa = PBXBuildFile; fileRef = A05527F322B5512C00D091EE /* PokemonListPresenter.swift */; };
		A05527FC22B55B5000D091EE /* PokedexUITests.swift in Sources */ = {isa = PBXBuildFile; fileRef = A05527FB22B55B5000D091EE /* PokedexUITests.swift */; };
		A055280622B57D8400D091EE /* PokemonListInteractor.swift in Sources */ = {isa = PBXBuildFile; fileRef = A055280522B57D8400D091EE /* PokemonListInteractor.swift */; };
		A055280822B57DCC00D091EE /* PokemonListContract.swift in Sources */ = {isa = PBXBuildFile; fileRef = A055280722B57DCC00D091EE /* PokemonListContract.swift */; };
		A0871B1222B1264E005E94B5 /* UIColorExtensions.swift in Sources */ = {isa = PBXBuildFile; fileRef = A0871B1122B1264E005E94B5 /* UIColorExtensions.swift */; };
		A0871B1522B140FB005E94B5 /* PokemonTypeView.swift in Sources */ = {isa = PBXBuildFile; fileRef = A0871B1422B140FB005E94B5 /* PokemonTypeView.swift */; };
		A0871B1722B14163005E94B5 /* PokemonTypeView.xib in Resources */ = {isa = PBXBuildFile; fileRef = A0871B1622B14163005E94B5 /* PokemonTypeView.xib */; };
		A0ED690222ABE17300BD78EC /* RequestMaker.swift in Sources */ = {isa = PBXBuildFile; fileRef = A0ED690122ABE17300BD78EC /* RequestMaker.swift */; };
		A0ED690422ABE1CD00BD78EC /* Pokemon.swift in Sources */ = {isa = PBXBuildFile; fileRef = A0ED690322ABE1CD00BD78EC /* Pokemon.swift */; };
		A0ED690622AC0CCC00BD78EC /* DesignableView.swift in Sources */ = {isa = PBXBuildFile; fileRef = A0ED690522AC0CCC00BD78EC /* DesignableView.swift */; };
		A0ED690922AC11E900BD78EC /* PokemonTableViewCell.swift in Sources */ = {isa = PBXBuildFile; fileRef = A0ED690822AC11E900BD78EC /* PokemonTableViewCell.swift */; };
		A0ED690B22AC20C600BD78EC /* UIImageViewExtensions.swift in Sources */ = {isa = PBXBuildFile; fileRef = A0ED690A22AC20C600BD78EC /* UIImageViewExtensions.swift */; };
		A0ED690F22AC352A00BD78EC /* PokemonDetailsViewController.swift in Sources */ = {isa = PBXBuildFile; fileRef = A0ED690E22AC352A00BD78EC /* PokemonDetailsViewController.swift */; };
		A0ED691122AC441A00BD78EC /* MovesViewController.swift in Sources */ = {isa = PBXBuildFile; fileRef = A0ED691022AC441A00BD78EC /* MovesViewController.swift */; };
		A0ED691322AF1D7700BD78EC /* Move.swift in Sources */ = {isa = PBXBuildFile; fileRef = A0ED691222AF1D7700BD78EC /* Move.swift */; };
		A0ED691522AF214700BD78EC /* MoveTableViewCell.swift in Sources */ = {isa = PBXBuildFile; fileRef = A0ED691422AF214700BD78EC /* MoveTableViewCell.swift */; };
		A0ED691722AFD43200BD78EC /* MoveDetailsViewController.swift in Sources */ = {isa = PBXBuildFile; fileRef = A0ED691622AFD43200BD78EC /* MoveDetailsViewController.swift */; };
		ABD8C93B22AAC4FA00AB3718 /* AppDelegate.swift in Sources */ = {isa = PBXBuildFile; fileRef = ABD8C93A22AAC4FA00AB3718 /* AppDelegate.swift */; };
		ABD8C93D22AAC4FA00AB3718 /* PokemonListViewController.swift in Sources */ = {isa = PBXBuildFile; fileRef = ABD8C93C22AAC4FA00AB3718 /* PokemonListViewController.swift */; };
		ABD8C94022AAC4FA00AB3718 /* Main.storyboard in Resources */ = {isa = PBXBuildFile; fileRef = ABD8C93E22AAC4FA00AB3718 /* Main.storyboard */; };
		ABD8C94222AAC4FC00AB3718 /* Assets.xcassets in Resources */ = {isa = PBXBuildFile; fileRef = ABD8C94122AAC4FC00AB3718 /* Assets.xcassets */; };
		ABD8C94522AAC4FC00AB3718 /* LaunchScreen.storyboard in Resources */ = {isa = PBXBuildFile; fileRef = ABD8C94322AAC4FC00AB3718 /* LaunchScreen.storyboard */; };
		ABD8C94E22AAC55100AB3718 /* PokemonType.swift in Sources */ = {isa = PBXBuildFile; fileRef = ABD8C94D22AAC55100AB3718 /* PokemonType.swift */; };
		ABD8C95122AAD76000AB3718 /* UIViewExtensions.swift in Sources */ = {isa = PBXBuildFile; fileRef = ABD8C95022AAD75F00AB3718 /* UIViewExtensions.swift */; };
		ABD8C95422AADA6F00AB3718 /* GradientView.swift in Sources */ = {isa = PBXBuildFile; fileRef = ABD8C95322AADA6F00AB3718 /* GradientView.swift */; };
/* End PBXBuildFile section */

/* Begin PBXContainerItemProxy section */
		A05527E522B51D7100D091EE /* PBXContainerItemProxy */ = {
			isa = PBXContainerItemProxy;
			containerPortal = ABD8C92F22AAC4FA00AB3718 /* Project object */;
			proxyType = 1;
			remoteGlobalIDString = ABD8C93622AAC4FA00AB3718;
			remoteInfo = Pokedex;
		};
		A05527FE22B55B5000D091EE /* PBXContainerItemProxy */ = {
			isa = PBXContainerItemProxy;
			containerPortal = ABD8C92F22AAC4FA00AB3718 /* Project object */;
			proxyType = 1;
			remoteGlobalIDString = ABD8C93622AAC4FA00AB3718;
			remoteInfo = Pokedex;
		};
/* End PBXContainerItemProxy section */

/* Begin PBXFileReference section */
		082900A5B7582BD4C858BFF7 /* Pods_Pokedex.framework */ = {isa = PBXFileReference; explicitFileType = wrapper.framework; includeInIndex = 0; path = Pods_Pokedex.framework; sourceTree = BUILT_PRODUCTS_DIR; };
		A05527D622B32F2100D091EE /* PokemonStatView.swift */ = {isa = PBXFileReference; lastKnownFileType = sourcecode.swift; path = PokemonStatView.swift; sourceTree = "<group>"; };
		A05527D822B32F2D00D091EE /* PokemonStatView.xib */ = {isa = PBXFileReference; lastKnownFileType = file.xib; path = PokemonStatView.xib; sourceTree = "<group>"; };
		A05527DA22B3345400D091EE /* UIProgressViewExtensions.swift */ = {isa = PBXFileReference; lastKnownFileType = sourcecode.swift; path = UIProgressViewExtensions.swift; sourceTree = "<group>"; };
		A05527E022B51D7000D091EE /* PokedexTests.xctest */ = {isa = PBXFileReference; explicitFileType = wrapper.cfbundle; includeInIndex = 0; path = PokedexTests.xctest; sourceTree = BUILT_PRODUCTS_DIR; };
		A05527E222B51D7100D091EE /* PokedexTests.swift */ = {isa = PBXFileReference; lastKnownFileType = sourcecode.swift; path = PokedexTests.swift; sourceTree = "<group>"; };
		A05527E422B51D7100D091EE /* Info.plist */ = {isa = PBXFileReference; lastKnownFileType = text.plist.xml; path = Info.plist; sourceTree = "<group>"; };
		A05527EC22B51E0C00D091EE /* pokemons.json */ = {isa = PBXFileReference; fileEncoding = 4; lastKnownFileType = text.json; path = pokemons.json; sourceTree = SOURCE_ROOT; };
		A05527EE22B52FAE00D091EE /* Result.swift */ = {isa = PBXFileReference; lastKnownFileType = sourcecode.swift; path = Result.swift; sourceTree = "<group>"; };
		A05527F022B550A900D091EE /* PokemonListPresenterTests.swift */ = {isa = PBXFileReference; lastKnownFileType = sourcecode.swift; path = PokemonListPresenterTests.swift; sourceTree = "<group>"; };
		A05527F322B5512C00D091EE /* PokemonListPresenter.swift */ = {isa = PBXFileReference; lastKnownFileType = sourcecode.swift; path = PokemonListPresenter.swift; sourceTree = "<group>"; };
		A05527F922B55B5000D091EE /* PokedexUITests.xctest */ = {isa = PBXFileReference; explicitFileType = wrapper.cfbundle; includeInIndex = 0; path = PokedexUITests.xctest; sourceTree = BUILT_PRODUCTS_DIR; };
		A05527FB22B55B5000D091EE /* PokedexUITests.swift */ = {isa = PBXFileReference; lastKnownFileType = sourcecode.swift; path = PokedexUITests.swift; sourceTree = "<group>"; };
		A05527FD22B55B5000D091EE /* Info.plist */ = {isa = PBXFileReference; lastKnownFileType = text.plist.xml; path = Info.plist; sourceTree = "<group>"; };
		A055280522B57D8400D091EE /* PokemonListInteractor.swift */ = {isa = PBXFileReference; lastKnownFileType = sourcecode.swift; path = PokemonListInteractor.swift; sourceTree = "<group>"; };
		A055280722B57DCC00D091EE /* PokemonListContract.swift */ = {isa = PBXFileReference; lastKnownFileType = sourcecode.swift; path = PokemonListContract.swift; sourceTree = "<group>"; };
		A0871B1122B1264E005E94B5 /* UIColorExtensions.swift */ = {isa = PBXFileReference; lastKnownFileType = sourcecode.swift; path = UIColorExtensions.swift; sourceTree = "<group>"; };
		A0871B1422B140FB005E94B5 /* PokemonTypeView.swift */ = {isa = PBXFileReference; lastKnownFileType = sourcecode.swift; path = PokemonTypeView.swift; sourceTree = "<group>"; };
		A0871B1622B14163005E94B5 /* PokemonTypeView.xib */ = {isa = PBXFileReference; lastKnownFileType = file.xib; path = PokemonTypeView.xib; sourceTree = "<group>"; };
		A0ED690122ABE17300BD78EC /* RequestMaker.swift */ = {isa = PBXFileReference; lastKnownFileType = sourcecode.swift; path = RequestMaker.swift; sourceTree = "<group>"; };
		A0ED690322ABE1CD00BD78EC /* Pokemon.swift */ = {isa = PBXFileReference; lastKnownFileType = sourcecode.swift; path = Pokemon.swift; sourceTree = "<group>"; };
		A0ED690522AC0CCC00BD78EC /* DesignableView.swift */ = {isa = PBXFileReference; lastKnownFileType = sourcecode.swift; path = DesignableView.swift; sourceTree = "<group>"; };
		A0ED690822AC11E900BD78EC /* PokemonTableViewCell.swift */ = {isa = PBXFileReference; lastKnownFileType = sourcecode.swift; path = PokemonTableViewCell.swift; sourceTree = "<group>"; };
		A0ED690A22AC20C600BD78EC /* UIImageViewExtensions.swift */ = {isa = PBXFileReference; lastKnownFileType = sourcecode.swift; path = UIImageViewExtensions.swift; sourceTree = "<group>"; };
		A0ED690E22AC352A00BD78EC /* PokemonDetailsViewController.swift */ = {isa = PBXFileReference; lastKnownFileType = sourcecode.swift; path = PokemonDetailsViewController.swift; sourceTree = "<group>"; };
		A0ED691022AC441A00BD78EC /* MovesViewController.swift */ = {isa = PBXFileReference; lastKnownFileType = sourcecode.swift; path = MovesViewController.swift; sourceTree = "<group>"; };
		A0ED691222AF1D7700BD78EC /* Move.swift */ = {isa = PBXFileReference; lastKnownFileType = sourcecode.swift; path = Move.swift; sourceTree = "<group>"; };
		A0ED691422AF214700BD78EC /* MoveTableViewCell.swift */ = {isa = PBXFileReference; lastKnownFileType = sourcecode.swift; path = MoveTableViewCell.swift; sourceTree = "<group>"; };
		A0ED691622AFD43200BD78EC /* MoveDetailsViewController.swift */ = {isa = PBXFileReference; lastKnownFileType = sourcecode.swift; path = MoveDetailsViewController.swift; sourceTree = "<group>"; };
		ABD8C93722AAC4FA00AB3718 /* Pokedex.app */ = {isa = PBXFileReference; explicitFileType = wrapper.application; includeInIndex = 0; path = Pokedex.app; sourceTree = BUILT_PRODUCTS_DIR; };
		ABD8C93A22AAC4FA00AB3718 /* AppDelegate.swift */ = {isa = PBXFileReference; lastKnownFileType = sourcecode.swift; path = AppDelegate.swift; sourceTree = "<group>"; };
		ABD8C93C22AAC4FA00AB3718 /* PokemonListViewController.swift */ = {isa = PBXFileReference; lastKnownFileType = sourcecode.swift; path = PokemonListViewController.swift; sourceTree = "<group>"; };
		ABD8C93F22AAC4FA00AB3718 /* Base */ = {isa = PBXFileReference; lastKnownFileType = file.storyboard; name = Base; path = Base.lproj/Main.storyboard; sourceTree = "<group>"; };
		ABD8C94122AAC4FC00AB3718 /* Assets.xcassets */ = {isa = PBXFileReference; lastKnownFileType = folder.assetcatalog; path = Assets.xcassets; sourceTree = "<group>"; };
		ABD8C94422AAC4FC00AB3718 /* Base */ = {isa = PBXFileReference; lastKnownFileType = file.storyboard; name = Base; path = Base.lproj/LaunchScreen.storyboard; sourceTree = "<group>"; };
		ABD8C94622AAC4FC00AB3718 /* Info.plist */ = {isa = PBXFileReference; lastKnownFileType = text.plist.xml; path = Info.plist; sourceTree = "<group>"; };
		ABD8C94D22AAC55100AB3718 /* PokemonType.swift */ = {isa = PBXFileReference; lastKnownFileType = sourcecode.swift; path = PokemonType.swift; sourceTree = "<group>"; };
		ABD8C95022AAD75F00AB3718 /* UIViewExtensions.swift */ = {isa = PBXFileReference; lastKnownFileType = sourcecode.swift; path = UIViewExtensions.swift; sourceTree = "<group>"; };
		ABD8C95322AADA6F00AB3718 /* GradientView.swift */ = {isa = PBXFileReference; lastKnownFileType = sourcecode.swift; path = GradientView.swift; sourceTree = "<group>"; };
		C19E682A7C5B407F900D2BD3 /* Pods-Pokedex.release.xcconfig */ = {isa = PBXFileReference; includeInIndex = 1; lastKnownFileType = text.xcconfig; name = "Pods-Pokedex.release.xcconfig"; path = "Target Support Files/Pods-Pokedex/Pods-Pokedex.release.xcconfig"; sourceTree = "<group>"; };
		F971D046DECCDE613A6170D3 /* Pods-Pokedex.debug.xcconfig */ = {isa = PBXFileReference; includeInIndex = 1; lastKnownFileType = text.xcconfig; name = "Pods-Pokedex.debug.xcconfig"; path = "Target Support Files/Pods-Pokedex/Pods-Pokedex.debug.xcconfig"; sourceTree = "<group>"; };
/* End PBXFileReference section */

/* Begin PBXFrameworksBuildPhase section */
		A05527DD22B51D7000D091EE /* Frameworks */ = {
			isa = PBXFrameworksBuildPhase;
			buildActionMask = 2147483647;
			files = (
			);
			runOnlyForDeploymentPostprocessing = 0;
		};
		A05527F622B55B5000D091EE /* Frameworks */ = {
			isa = PBXFrameworksBuildPhase;
			buildActionMask = 2147483647;
			files = (
			);
			runOnlyForDeploymentPostprocessing = 0;
		};
		ABD8C93422AAC4FA00AB3718 /* Frameworks */ = {
			isa = PBXFrameworksBuildPhase;
			buildActionMask = 2147483647;
			files = (
				6235EAF744958A2A5241336A /* Pods_Pokedex.framework in Frameworks */,
			);
			runOnlyForDeploymentPostprocessing = 0;
		};
/* End PBXFrameworksBuildPhase section */

/* Begin PBXGroup section */
		6307F40BF10CC4DC47F5B270 /* Pods */ = {
			isa = PBXGroup;
			children = (
				F971D046DECCDE613A6170D3 /* Pods-Pokedex.debug.xcconfig */,
				C19E682A7C5B407F900D2BD3 /* Pods-Pokedex.release.xcconfig */,
			);
			path = Pods;
			sourceTree = "<group>";
		};
		A05527D522B32EEB00D091EE /* PokemonStatView */ = {
			isa = PBXGroup;
			children = (
				A05527D622B32F2100D091EE /* PokemonStatView.swift */,
				A05527D822B32F2D00D091EE /* PokemonStatView.xib */,
			);
			path = PokemonStatView;
			sourceTree = "<group>";
		};
		A05527E122B51D7100D091EE /* PokedexTests */ = {
			isa = PBXGroup;
			children = (
				A05527EB22B51DB600D091EE /* Samples */,
				A05527E222B51D7100D091EE /* PokedexTests.swift */,
				A05527E422B51D7100D091EE /* Info.plist */,
				A05527F022B550A900D091EE /* PokemonListPresenterTests.swift */,
			);
			path = PokedexTests;
			sourceTree = "<group>";
		};
		A05527EB22B51DB600D091EE /* Samples */ = {
			isa = PBXGroup;
			children = (
				A05527EC22B51E0C00D091EE /* pokemons.json */,
			);
			path = Samples;
			sourceTree = "<group>";
		};
		A05527F222B550FF00D091EE /* PokemonList */ = {
			isa = PBXGroup;
			children = (
				ABD8C93C22AAC4FA00AB3718 /* PokemonListViewController.swift */,
				A05527F322B5512C00D091EE /* PokemonListPresenter.swift */,
				A055280522B57D8400D091EE /* PokemonListInteractor.swift */,
				A055280722B57DCC00D091EE /* PokemonListContract.swift */,
			);
			path = PokemonList;
			sourceTree = "<group>";
		};
		A05527FA22B55B5000D091EE /* PokedexUITests */ = {
			isa = PBXGroup;
			children = (
				A05527FB22B55B5000D091EE /* PokedexUITests.swift */,
				A05527FD22B55B5000D091EE /* Info.plist */,
			);
			path = PokedexUITests;
			sourceTree = "<group>";
		};
		A0871B1322B140E4005E94B5 /* PokemonTypeView */ = {
			isa = PBXGroup;
			children = (
				A0871B1422B140FB005E94B5 /* PokemonTypeView.swift */,
				A0871B1622B14163005E94B5 /* PokemonTypeView.xib */,
			);
			path = PokemonTypeView;
			sourceTree = "<group>";
		};
		A0ED690022ABE15500BD78EC /* API */ = {
			isa = PBXGroup;
			children = (
				A0ED690122ABE17300BD78EC /* RequestMaker.swift */,
				A05527EE22B52FAE00D091EE /* Result.swift */,
			);
			path = API;
			sourceTree = "<group>";
		};
		A0ED690722AC11CD00BD78EC /* Components */ = {
			isa = PBXGroup;
			children = (
				A0ED690822AC11E900BD78EC /* PokemonTableViewCell.swift */,
				A0ED691422AF214700BD78EC /* MoveTableViewCell.swift */,
			);
			path = Components;
			sourceTree = "<group>";
		};
		ABD8C92E22AAC4FA00AB3718 = {
			isa = PBXGroup;
			children = (
				ABD8C93922AAC4FA00AB3718 /* Pokedex */,
				A05527E122B51D7100D091EE /* PokedexTests */,
				A05527FA22B55B5000D091EE /* PokedexUITests */,
				ABD8C93822AAC4FA00AB3718 /* Products */,
				6307F40BF10CC4DC47F5B270 /* Pods */,
				B451ECE57E01F783AC37C4CF /* Frameworks */,
			);
			sourceTree = "<group>";
		};
		ABD8C93822AAC4FA00AB3718 /* Products */ = {
			isa = PBXGroup;
			children = (
				ABD8C93722AAC4FA00AB3718 /* Pokedex.app */,
				A05527E022B51D7000D091EE /* PokedexTests.xctest */,
				A05527F922B55B5000D091EE /* PokedexUITests.xctest */,
			);
			name = Products;
			sourceTree = "<group>";
		};
		ABD8C93922AAC4FA00AB3718 /* Pokedex */ = {
			isa = PBXGroup;
			children = (
				A05527F222B550FF00D091EE /* PokemonList */,
				A0ED690722AC11CD00BD78EC /* Components */,
				A0ED690022ABE15500BD78EC /* API */,
				ABD8C95222AADA6200AB3718 /* CustomViews */,
				ABD8C94F22AAD74E00AB3718 /* Extensions */,
				ABD8C94C22AAC53F00AB3718 /* Models */,
				ABD8C93A22AAC4FA00AB3718 /* AppDelegate.swift */,
				ABD8C93E22AAC4FA00AB3718 /* Main.storyboard */,
				ABD8C94122AAC4FC00AB3718 /* Assets.xcassets */,
				ABD8C94322AAC4FC00AB3718 /* LaunchScreen.storyboard */,
				ABD8C94622AAC4FC00AB3718 /* Info.plist */,
				A0ED690E22AC352A00BD78EC /* PokemonDetailsViewController.swift */,
				A0ED691022AC441A00BD78EC /* MovesViewController.swift */,
				A0ED691622AFD43200BD78EC /* MoveDetailsViewController.swift */,
			);
			path = Pokedex;
			sourceTree = "<group>";
		};
		ABD8C94C22AAC53F00AB3718 /* Models */ = {
			isa = PBXGroup;
			children = (
				ABD8C94D22AAC55100AB3718 /* PokemonType.swift */,
				A0ED690322ABE1CD00BD78EC /* Pokemon.swift */,
				A0ED691222AF1D7700BD78EC /* Move.swift */,
			);
			path = Models;
			sourceTree = "<group>";
		};
		ABD8C94F22AAD74E00AB3718 /* Extensions */ = {
			isa = PBXGroup;
			children = (
				ABD8C95022AAD75F00AB3718 /* UIViewExtensions.swift */,
				A0ED690A22AC20C600BD78EC /* UIImageViewExtensions.swift */,
				A0871B1122B1264E005E94B5 /* UIColorExtensions.swift */,
				A05527DA22B3345400D091EE /* UIProgressViewExtensions.swift */,
			);
			path = Extensions;
			sourceTree = "<group>";
		};
		ABD8C95222AADA6200AB3718 /* CustomViews */ = {
			isa = PBXGroup;
			children = (
				A05527D522B32EEB00D091EE /* PokemonStatView */,
				A0871B1322B140E4005E94B5 /* PokemonTypeView */,
				ABD8C95322AADA6F00AB3718 /* GradientView.swift */,
				A0ED690522AC0CCC00BD78EC /* DesignableView.swift */,
			);
			path = CustomViews;
			sourceTree = "<group>";
		};
		B451ECE57E01F783AC37C4CF /* Frameworks */ = {
			isa = PBXGroup;
			children = (
				082900A5B7582BD4C858BFF7 /* Pods_Pokedex.framework */,
			);
			name = Frameworks;
			sourceTree = "<group>";
		};
/* End PBXGroup section */

/* Begin PBXNativeTarget section */
		A05527DF22B51D7000D091EE /* PokedexTests */ = {
			isa = PBXNativeTarget;
			buildConfigurationList = A05527E722B51D7100D091EE /* Build configuration list for PBXNativeTarget "PokedexTests" */;
			buildPhases = (
				A05527DC22B51D7000D091EE /* Sources */,
				A05527DD22B51D7000D091EE /* Frameworks */,
				A05527DE22B51D7000D091EE /* Resources */,
			);
			buildRules = (
			);
			dependencies = (
				A05527E622B51D7100D091EE /* PBXTargetDependency */,
			);
			name = PokedexTests;
			productName = PokedexTests;
			productReference = A05527E022B51D7000D091EE /* PokedexTests.xctest */;
			productType = "com.apple.product-type.bundle.unit-test";
		};
		A05527F822B55B5000D091EE /* PokedexUITests */ = {
			isa = PBXNativeTarget;
			buildConfigurationList = A055280022B55B5000D091EE /* Build configuration list for PBXNativeTarget "PokedexUITests" */;
			buildPhases = (
				A05527F522B55B5000D091EE /* Sources */,
				A05527F622B55B5000D091EE /* Frameworks */,
				A05527F722B55B5000D091EE /* Resources */,
			);
			buildRules = (
			);
			dependencies = (
				A05527FF22B55B5000D091EE /* PBXTargetDependency */,
			);
			name = PokedexUITests;
			productName = PokedexUITests;
			productReference = A05527F922B55B5000D091EE /* PokedexUITests.xctest */;
			productType = "com.apple.product-type.bundle.ui-testing";
		};
		ABD8C93622AAC4FA00AB3718 /* Pokedex */ = {
			isa = PBXNativeTarget;
			buildConfigurationList = ABD8C94922AAC4FC00AB3718 /* Build configuration list for PBXNativeTarget "Pokedex" */;
			buildPhases = (
				7A8BC655590568F8CEB429A9 /* [CP] Check Pods Manifest.lock */,
				ABD8C93322AAC4FA00AB3718 /* Sources */,
				ABD8C93422AAC4FA00AB3718 /* Frameworks */,
				ABD8C93522AAC4FA00AB3718 /* Resources */,
				15025DEC47888DB6A7393FAE /* [CP] Embed Pods Frameworks */,
			);
			buildRules = (
			);
			dependencies = (
			);
			name = Pokedex;
			productName = Pokedex;
			productReference = ABD8C93722AAC4FA00AB3718 /* Pokedex.app */;
			productType = "com.apple.product-type.application";
		};
/* End PBXNativeTarget section */

/* Begin PBXProject section */
		ABD8C92F22AAC4FA00AB3718 /* Project object */ = {
			isa = PBXProject;
			attributes = {
				LastSwiftUpdateCheck = 1010;
				LastUpgradeCheck = 1020;
				ORGANIZATIONNAME = "CWI Software";
				TargetAttributes = {
					A05527DF22B51D7000D091EE = {
						CreatedOnToolsVersion = 10.1;
						TestTargetID = ABD8C93622AAC4FA00AB3718;
					};
					A05527F822B55B5000D091EE = {
						CreatedOnToolsVersion = 10.1;
						TestTargetID = ABD8C93622AAC4FA00AB3718;
					};
					ABD8C93622AAC4FA00AB3718 = {
						CreatedOnToolsVersion = 10.2.1;
					};
				};
			};
			buildConfigurationList = ABD8C93222AAC4FA00AB3718 /* Build configuration list for PBXProject "Pokedex" */;
			compatibilityVersion = "Xcode 9.3";
			developmentRegion = en;
			hasScannedForEncodings = 0;
			knownRegions = (
				en,
				Base,
			);
			mainGroup = ABD8C92E22AAC4FA00AB3718;
			productRefGroup = ABD8C93822AAC4FA00AB3718 /* Products */;
			projectDirPath = "";
			projectRoot = "";
			targets = (
				ABD8C93622AAC4FA00AB3718 /* Pokedex */,
				A05527DF22B51D7000D091EE /* PokedexTests */,
				A05527F822B55B5000D091EE /* PokedexUITests */,
			);
		};
/* End PBXProject section */

/* Begin PBXResourcesBuildPhase section */
		A05527DE22B51D7000D091EE /* Resources */ = {
			isa = PBXResourcesBuildPhase;
			buildActionMask = 2147483647;
			files = (
				A05527ED22B51E0C00D091EE /* pokemons.json in Resources */,
			);
			runOnlyForDeploymentPostprocessing = 0;
		};
		A05527F722B55B5000D091EE /* Resources */ = {
			isa = PBXResourcesBuildPhase;
			buildActionMask = 2147483647;
			files = (
			);
			runOnlyForDeploymentPostprocessing = 0;
		};
		ABD8C93522AAC4FA00AB3718 /* Resources */ = {
			isa = PBXResourcesBuildPhase;
			buildActionMask = 2147483647;
			files = (
				A05527D922B32F2D00D091EE /* PokemonStatView.xib in Resources */,
				ABD8C94522AAC4FC00AB3718 /* LaunchScreen.storyboard in Resources */,
				ABD8C94222AAC4FC00AB3718 /* Assets.xcassets in Resources */,
				A0871B1722B14163005E94B5 /* PokemonTypeView.xib in Resources */,
				ABD8C94022AAC4FA00AB3718 /* Main.storyboard in Resources */,
			);
			runOnlyForDeploymentPostprocessing = 0;
		};
/* End PBXResourcesBuildPhase section */

/* Begin PBXShellScriptBuildPhase section */
		15025DEC47888DB6A7393FAE /* [CP] Embed Pods Frameworks */ = {
			isa = PBXShellScriptBuildPhase;
			buildActionMask = 2147483647;
			files = (
			);
			inputFileListPaths = (
			);
			inputPaths = (
				"${PODS_ROOT}/Target Support Files/Pods-Pokedex/Pods-Pokedex-frameworks.sh",
				"${BUILT_PRODUCTS_DIR}/Nuke/Nuke.framework",
			);
			name = "[CP] Embed Pods Frameworks";
			outputFileListPaths = (
			);
			outputPaths = (
				"${TARGET_BUILD_DIR}/${FRAMEWORKS_FOLDER_PATH}/Nuke.framework",
			);
			runOnlyForDeploymentPostprocessing = 0;
			shellPath = /bin/sh;
			shellScript = "\"${PODS_ROOT}/Target Support Files/Pods-Pokedex/Pods-Pokedex-frameworks.sh\"\n";
			showEnvVarsInLog = 0;
		};
		7A8BC655590568F8CEB429A9 /* [CP] Check Pods Manifest.lock */ = {
			isa = PBXShellScriptBuildPhase;
			buildActionMask = 2147483647;
			files = (
			);
			inputFileListPaths = (
			);
			inputPaths = (
				"${PODS_PODFILE_DIR_PATH}/Podfile.lock",
				"${PODS_ROOT}/Manifest.lock",
			);
			name = "[CP] Check Pods Manifest.lock";
			outputFileListPaths = (
			);
			outputPaths = (
				"$(DERIVED_FILE_DIR)/Pods-Pokedex-checkManifestLockResult.txt",
			);
			runOnlyForDeploymentPostprocessing = 0;
			shellPath = /bin/sh;
			shellScript = "diff \"${PODS_PODFILE_DIR_PATH}/Podfile.lock\" \"${PODS_ROOT}/Manifest.lock\" > /dev/null\nif [ $? != 0 ] ; then\n    # print error to STDERR\n    echo \"error: The sandbox is not in sync with the Podfile.lock. Run 'pod install' or update your CocoaPods installation.\" >&2\n    exit 1\nfi\n# This output is used by Xcode 'outputs' to avoid re-running this script phase.\necho \"SUCCESS\" > \"${SCRIPT_OUTPUT_FILE_0}\"\n";
			showEnvVarsInLog = 0;
		};
/* End PBXShellScriptBuildPhase section */

/* Begin PBXSourcesBuildPhase section */
		A05527DC22B51D7000D091EE /* Sources */ = {
			isa = PBXSourcesBuildPhase;
			buildActionMask = 2147483647;
			files = (
				A05527F122B550A900D091EE /* PokemonListPresenterTests.swift in Sources */,
				A05527E322B51D7100D091EE /* PokedexTests.swift in Sources */,
			);
			runOnlyForDeploymentPostprocessing = 0;
		};
		A05527F522B55B5000D091EE /* Sources */ = {
			isa = PBXSourcesBuildPhase;
			buildActionMask = 2147483647;
			files = (
				A05527FC22B55B5000D091EE /* PokedexUITests.swift in Sources */,
			);
			runOnlyForDeploymentPostprocessing = 0;
		};
		ABD8C93322AAC4FA00AB3718 /* Sources */ = {
			isa = PBXSourcesBuildPhase;
			buildActionMask = 2147483647;
			files = (
				A0ED690F22AC352A00BD78EC /* PokemonDetailsViewController.swift in Sources */,
				A055280822B57DCC00D091EE /* PokemonListContract.swift in Sources */,
				A0ED690922AC11E900BD78EC /* PokemonTableViewCell.swift in Sources */,
				A0ED690622AC0CCC00BD78EC /* DesignableView.swift in Sources */,
				A05527F422B5512C00D091EE /* PokemonListPresenter.swift in Sources */,
				A0ED691322AF1D7700BD78EC /* Move.swift in Sources */,
				A05527D722B32F2100D091EE /* PokemonStatView.swift in Sources */,
				A0ED690422ABE1CD00BD78EC /* Pokemon.swift in Sources */,
				A05527EF22B52FAE00D091EE /* Result.swift in Sources */,
				ABD8C93D22AAC4FA00AB3718 /* PokemonListViewController.swift in Sources */,
				A0ED691122AC441A00BD78EC /* MovesViewController.swift in Sources */,
				A055280622B57D8400D091EE /* PokemonListInteractor.swift in Sources */,
				ABD8C94E22AAC55100AB3718 /* PokemonType.swift in Sources */,
				ABD8C95422AADA6F00AB3718 /* GradientView.swift in Sources */,
				A0871B1522B140FB005E94B5 /* PokemonTypeView.swift in Sources */,
				ABD8C95122AAD76000AB3718 /* UIViewExtensions.swift in Sources */,
				A0ED691722AFD43200BD78EC /* MoveDetailsViewController.swift in Sources */,
				A0ED691522AF214700BD78EC /* MoveTableViewCell.swift in Sources */,
				A0ED690222ABE17300BD78EC /* RequestMaker.swift in Sources */,
				A05527DB22B3345400D091EE /* UIProgressViewExtensions.swift in Sources */,
				A0ED690B22AC20C600BD78EC /* UIImageViewExtensions.swift in Sources */,
				ABD8C93B22AAC4FA00AB3718 /* AppDelegate.swift in Sources */,
				A0871B1222B1264E005E94B5 /* UIColorExtensions.swift in Sources */,
			);
			runOnlyForDeploymentPostprocessing = 0;
		};
/* End PBXSourcesBuildPhase section */

/* Begin PBXTargetDependency section */
		A05527E622B51D7100D091EE /* PBXTargetDependency */ = {
			isa = PBXTargetDependency;
			target = ABD8C93622AAC4FA00AB3718 /* Pokedex */;
			targetProxy = A05527E522B51D7100D091EE /* PBXContainerItemProxy */;
		};
		A05527FF22B55B5000D091EE /* PBXTargetDependency */ = {
			isa = PBXTargetDependency;
			target = ABD8C93622AAC4FA00AB3718 /* Pokedex */;
			targetProxy = A05527FE22B55B5000D091EE /* PBXContainerItemProxy */;
		};
/* End PBXTargetDependency section */

/* Begin PBXVariantGroup section */
		ABD8C93E22AAC4FA00AB3718 /* Main.storyboard */ = {
			isa = PBXVariantGroup;
			children = (
				ABD8C93F22AAC4FA00AB3718 /* Base */,
			);
			name = Main.storyboard;
			sourceTree = "<group>";
		};
		ABD8C94322AAC4FC00AB3718 /* LaunchScreen.storyboard */ = {
			isa = PBXVariantGroup;
			children = (
				ABD8C94422AAC4FC00AB3718 /* Base */,
			);
			name = LaunchScreen.storyboard;
			sourceTree = "<group>";
		};
/* End PBXVariantGroup section */

/* Begin XCBuildConfiguration section */
		A05527E822B51D7100D091EE /* Debug */ = {
			isa = XCBuildConfiguration;
			buildSettings = {
				BUNDLE_LOADER = "$(TEST_HOST)";
				CODE_SIGN_STYLE = Automatic;
				DEVELOPMENT_TEAM = 3UXQ9US9P8;
				INFOPLIST_FILE = PokedexTests/Info.plist;
				IPHONEOS_DEPLOYMENT_TARGET = 12.1;
				LD_RUNPATH_SEARCH_PATHS = (
					"$(inherited)",
					"@executable_path/Frameworks",
					"@loader_path/Frameworks",
				);
				PRODUCT_BUNDLE_IDENTIFIER = br.com.cwi.gribak.PokedexTests;
				PRODUCT_NAME = "$(TARGET_NAME)";
				SWIFT_VERSION = 4.2;
				TARGETED_DEVICE_FAMILY = "1,2";
				TEST_HOST = "$(BUILT_PRODUCTS_DIR)/Pokedex.app/Pokedex";
			};
			name = Debug;
		};
		A05527E922B51D7100D091EE /* Release */ = {
			isa = XCBuildConfiguration;
			buildSettings = {
				BUNDLE_LOADER = "$(TEST_HOST)";
				CODE_SIGN_STYLE = Automatic;
				DEVELOPMENT_TEAM = 3UXQ9US9P8;
				INFOPLIST_FILE = PokedexTests/Info.plist;
				IPHONEOS_DEPLOYMENT_TARGET = 12.1;
				LD_RUNPATH_SEARCH_PATHS = (
					"$(inherited)",
					"@executable_path/Frameworks",
					"@loader_path/Frameworks",
				);
				PRODUCT_BUNDLE_IDENTIFIER = br.com.cwi.gribak.PokedexTests;
				PRODUCT_NAME = "$(TARGET_NAME)";
				SWIFT_VERSION = 4.2;
				TARGETED_DEVICE_FAMILY = "1,2";
				TEST_HOST = "$(BUILT_PRODUCTS_DIR)/Pokedex.app/Pokedex";
			};
			name = Release;
		};
		A055280122B55B5000D091EE /* Debug */ = {
			isa = XCBuildConfiguration;
			buildSettings = {
				CODE_SIGN_STYLE = Automatic;
				DEVELOPMENT_TEAM = 3UXQ9US9P8;
				INFOPLIST_FILE = PokedexUITests/Info.plist;
				IPHONEOS_DEPLOYMENT_TARGET = 12.1;
				LD_RUNPATH_SEARCH_PATHS = (
					"$(inherited)",
					"@executable_path/Frameworks",
					"@loader_path/Frameworks",
				);
				PRODUCT_BUNDLE_IDENTIFIER = br.com.cwi.gribak.PokedexUITests;
				PRODUCT_NAME = "$(TARGET_NAME)";
				SWIFT_VERSION = 4.2;
				TARGETED_DEVICE_FAMILY = "1,2";
				TEST_TARGET_NAME = Pokedex;
			};
			name = Debug;
		};
		A055280222B55B5000D091EE /* Release */ = {
			isa = XCBuildConfiguration;
			buildSettings = {
				CODE_SIGN_STYLE = Automatic;
				DEVELOPMENT_TEAM = 3UXQ9US9P8;
				INFOPLIST_FILE = PokedexUITests/Info.plist;
				IPHONEOS_DEPLOYMENT_TARGET = 12.1;
				LD_RUNPATH_SEARCH_PATHS = (
					"$(inherited)",
					"@executable_path/Frameworks",
					"@loader_path/Frameworks",
				);
				PRODUCT_BUNDLE_IDENTIFIER = br.com.cwi.gribak.PokedexUITests;
				PRODUCT_NAME = "$(TARGET_NAME)";
				SWIFT_VERSION = 4.2;
				TARGETED_DEVICE_FAMILY = "1,2";
				TEST_TARGET_NAME = Pokedex;
			};
			name = Release;
		};
		ABD8C94722AAC4FC00AB3718 /* Debug */ = {
			isa = XCBuildConfiguration;
			buildSettings = {
				ALWAYS_SEARCH_USER_PATHS = NO;
				CLANG_ANALYZER_NONNULL = YES;
				CLANG_ANALYZER_NUMBER_OBJECT_CONVERSION = YES_AGGRESSIVE;
				CLANG_CXX_LANGUAGE_STANDARD = "gnu++14";
				CLANG_CXX_LIBRARY = "libc++";
				CLANG_ENABLE_MODULES = YES;
				CLANG_ENABLE_OBJC_ARC = YES;
				CLANG_ENABLE_OBJC_WEAK = YES;
				CLANG_WARN_BLOCK_CAPTURE_AUTORELEASING = YES;
				CLANG_WARN_BOOL_CONVERSION = YES;
				CLANG_WARN_COMMA = YES;
				CLANG_WARN_CONSTANT_CONVERSION = YES;
				CLANG_WARN_DEPRECATED_OBJC_IMPLEMENTATIONS = YES;
				CLANG_WARN_DIRECT_OBJC_ISA_USAGE = YES_ERROR;
				CLANG_WARN_DOCUMENTATION_COMMENTS = YES;
				CLANG_WARN_EMPTY_BODY = YES;
				CLANG_WARN_ENUM_CONVERSION = YES;
				CLANG_WARN_INFINITE_RECURSION = YES;
				CLANG_WARN_INT_CONVERSION = YES;
				CLANG_WARN_NON_LITERAL_NULL_CONVERSION = YES;
				CLANG_WARN_OBJC_IMPLICIT_RETAIN_SELF = YES;
				CLANG_WARN_OBJC_LITERAL_CONVERSION = YES;
				CLANG_WARN_OBJC_ROOT_CLASS = YES_ERROR;
				CLANG_WARN_RANGE_LOOP_ANALYSIS = YES;
				CLANG_WARN_STRICT_PROTOTYPES = YES;
				CLANG_WARN_SUSPICIOUS_MOVE = YES;
				CLANG_WARN_UNGUARDED_AVAILABILITY = YES_AGGRESSIVE;
				CLANG_WARN_UNREACHABLE_CODE = YES;
				CLANG_WARN__DUPLICATE_METHOD_MATCH = YES;
				CODE_SIGN_IDENTITY = "iPhone Developer";
				COPY_PHASE_STRIP = NO;
				DEBUG_INFORMATION_FORMAT = dwarf;
				ENABLE_STRICT_OBJC_MSGSEND = YES;
				ENABLE_TESTABILITY = YES;
				GCC_C_LANGUAGE_STANDARD = gnu11;
				GCC_DYNAMIC_NO_PIC = NO;
				GCC_NO_COMMON_BLOCKS = YES;
				GCC_OPTIMIZATION_LEVEL = 0;
				GCC_PREPROCESSOR_DEFINITIONS = (
					"DEBUG=1",
					"$(inherited)",
				);
				GCC_WARN_64_TO_32_BIT_CONVERSION = YES;
				GCC_WARN_ABOUT_RETURN_TYPE = YES_ERROR;
				GCC_WARN_UNDECLARED_SELECTOR = YES;
				GCC_WARN_UNINITIALIZED_AUTOS = YES_AGGRESSIVE;
				GCC_WARN_UNUSED_FUNCTION = YES;
				GCC_WARN_UNUSED_VARIABLE = YES;
				IPHONEOS_DEPLOYMENT_TARGET = 12.2;
				MTL_ENABLE_DEBUG_INFO = INCLUDE_SOURCE;
				MTL_FAST_MATH = YES;
				ONLY_ACTIVE_ARCH = YES;
				SDKROOT = iphoneos;
				SWIFT_ACTIVE_COMPILATION_CONDITIONS = DEBUG;
				SWIFT_OPTIMIZATION_LEVEL = "-Onone";
			};
			name = Debug;
		};
		ABD8C94822AAC4FC00AB3718 /* Release */ = {
			isa = XCBuildConfiguration;
			buildSettings = {
				ALWAYS_SEARCH_USER_PATHS = NO;
				CLANG_ANALYZER_NONNULL = YES;
				CLANG_ANALYZER_NUMBER_OBJECT_CONVERSION = YES_AGGRESSIVE;
				CLANG_CXX_LANGUAGE_STANDARD = "gnu++14";
				CLANG_CXX_LIBRARY = "libc++";
				CLANG_ENABLE_MODULES = YES;
				CLANG_ENABLE_OBJC_ARC = YES;
				CLANG_ENABLE_OBJC_WEAK = YES;
				CLANG_WARN_BLOCK_CAPTURE_AUTORELEASING = YES;
				CLANG_WARN_BOOL_CONVERSION = YES;
				CLANG_WARN_COMMA = YES;
				CLANG_WARN_CONSTANT_CONVERSION = YES;
				CLANG_WARN_DEPRECATED_OBJC_IMPLEMENTATIONS = YES;
				CLANG_WARN_DIRECT_OBJC_ISA_USAGE = YES_ERROR;
				CLANG_WARN_DOCUMENTATION_COMMENTS = YES;
				CLANG_WARN_EMPTY_BODY = YES;
				CLANG_WARN_ENUM_CONVERSION = YES;
				CLANG_WARN_INFINITE_RECURSION = YES;
				CLANG_WARN_INT_CONVERSION = YES;
				CLANG_WARN_NON_LITERAL_NULL_CONVERSION = YES;
				CLANG_WARN_OBJC_IMPLICIT_RETAIN_SELF = YES;
				CLANG_WARN_OBJC_LITERAL_CONVERSION = YES;
				CLANG_WARN_OBJC_ROOT_CLASS = YES_ERROR;
				CLANG_WARN_RANGE_LOOP_ANALYSIS = YES;
				CLANG_WARN_STRICT_PROTOTYPES = YES;
				CLANG_WARN_SUSPICIOUS_MOVE = YES;
				CLANG_WARN_UNGUARDED_AVAILABILITY = YES_AGGRESSIVE;
				CLANG_WARN_UNREACHABLE_CODE = YES;
				CLANG_WARN__DUPLICATE_METHOD_MATCH = YES;
				CODE_SIGN_IDENTITY = "iPhone Developer";
				COPY_PHASE_STRIP = NO;
				DEBUG_INFORMATION_FORMAT = "dwarf-with-dsym";
				ENABLE_NS_ASSERTIONS = NO;
				ENABLE_STRICT_OBJC_MSGSEND = YES;
				GCC_C_LANGUAGE_STANDARD = gnu11;
				GCC_NO_COMMON_BLOCKS = YES;
				GCC_WARN_64_TO_32_BIT_CONVERSION = YES;
				GCC_WARN_ABOUT_RETURN_TYPE = YES_ERROR;
				GCC_WARN_UNDECLARED_SELECTOR = YES;
				GCC_WARN_UNINITIALIZED_AUTOS = YES_AGGRESSIVE;
				GCC_WARN_UNUSED_FUNCTION = YES;
				GCC_WARN_UNUSED_VARIABLE = YES;
				IPHONEOS_DEPLOYMENT_TARGET = 12.2;
				MTL_ENABLE_DEBUG_INFO = NO;
				MTL_FAST_MATH = YES;
				SDKROOT = iphoneos;
				SWIFT_COMPILATION_MODE = wholemodule;
				SWIFT_OPTIMIZATION_LEVEL = "-O";
				VALIDATE_PRODUCT = YES;
			};
			name = Release;
		};
		ABD8C94A22AAC4FC00AB3718 /* Debug */ = {
			isa = XCBuildConfiguration;
			baseConfigurationReference = F971D046DECCDE613A6170D3 /* Pods-Pokedex.debug.xcconfig */;
			buildSettings = {
				ASSETCATALOG_COMPILER_APPICON_NAME = AppIcon;
				CODE_SIGN_IDENTITY = "iPhone Developer";
				CODE_SIGN_STYLE = Automatic;
				DEVELOPMENT_TEAM = 3UXQ9US9P8;
				INFOPLIST_FILE = Pokedex/Info.plist;
				IPHONEOS_DEPLOYMENT_TARGET = 12.1;
				LD_RUNPATH_SEARCH_PATHS = (
					"$(inherited)",
					"@executable_path/Frameworks",
				);
				PRODUCT_BUNDLE_IDENTIFIER = br.com.cwi.gribak.Pokedex;
				PRODUCT_NAME = "$(TARGET_NAME)";
				PROVISIONING_PROFILE_SPECIFIER = "";
				SWIFT_VERSION = 4.2;
				TARGETED_DEVICE_FAMILY = "1,2";
			};
			name = Debug;
		};
		ABD8C94B22AAC4FC00AB3718 /* Release */ = {
			isa = XCBuildConfiguration;
			baseConfigurationReference = C19E682A7C5B407F900D2BD3 /* Pods-Pokedex.release.xcconfig */;
			buildSettings = {
				ASSETCATALOG_COMPILER_APPICON_NAME = AppIcon;
				CODE_SIGN_IDENTITY = "iPhone Developer";
				CODE_SIGN_STYLE = Automatic;
				DEVELOPMENT_TEAM = 3UXQ9US9P8;
				INFOPLIST_FILE = Pokedex/Info.plist;
				IPHONEOS_DEPLOYMENT_TARGET = 12.1;
				LD_RUNPATH_SEARCH_PATHS = (
					"$(inherited)",
					"@executable_path/Frameworks",
				);
				PRODUCT_BUNDLE_IDENTIFIER = br.com.cwi.gribak.Pokedex;
				PRODUCT_NAME = "$(TARGET_NAME)";
				PROVISIONING_PROFILE_SPECIFIER = "";
				SWIFT_VERSION = 4.2;
				TARGETED_DEVICE_FAMILY = "1,2";
			};
			name = Release;
		};
/* End XCBuildConfiguration section */

/* Begin XCConfigurationList section */
		A05527E722B51D7100D091EE /* Build configuration list for PBXNativeTarget "PokedexTests" */ = {
			isa = XCConfigurationList;
			buildConfigurations = (
				A05527E822B51D7100D091EE /* Debug */,
				A05527E922B51D7100D091EE /* Release */,
			);
			defaultConfigurationIsVisible = 0;
			defaultConfigurationName = Release;
		};
		A055280022B55B5000D091EE /* Build configuration list for PBXNativeTarget "PokedexUITests" */ = {
			isa = XCConfigurationList;
			buildConfigurations = (
				A055280122B55B5000D091EE /* Debug */,
				A055280222B55B5000D091EE /* Release */,
			);
			defaultConfigurationIsVisible = 0;
			defaultConfigurationName = Release;
		};
		ABD8C93222AAC4FA00AB3718 /* Build configuration list for PBXProject "Pokedex" */ = {
			isa = XCConfigurationList;
			buildConfigurations = (
				ABD8C94722AAC4FC00AB3718 /* Debug */,
				ABD8C94822AAC4FC00AB3718 /* Release */,
			);
			defaultConfigurationIsVisible = 0;
			defaultConfigurationName = Release;
		};
		ABD8C94922AAC4FC00AB3718 /* Build configuration list for PBXNativeTarget "Pokedex" */ = {
			isa = XCConfigurationList;
			buildConfigurations = (
				ABD8C94A22AAC4FC00AB3718 /* Debug */,
				ABD8C94B22AAC4FC00AB3718 /* Release */,
			);
			defaultConfigurationIsVisible = 0;
			defaultConfigurationName = Release;
		};
/* End XCConfigurationList section */
	};
	rootObject = ABD8C92F22AAC4FA00AB3718 /* Project object */;
}
